
Microsoft Visual Studio Solution File, Format Version 12.00
# Visual Studio 15
VisualStudioVersion = 15.0.28307.1300
MinimumVisualStudioVersion = 10.0.40219.1
Project("{FAE04EC0-301F-11D3-BF4B-00C04F79EFBC}") = "Personal_Site", "Personal_Site\Personal_Site.csproj", "{775575BF-33BD-4B4B-8BE9-FDC4807A4DFE}"
EndProject
Global
	GlobalSection(SolutionConfigurationPlatforms) = preSolution
		Debug|Any CPU = Debug|Any CPU
		Release|Any CPU = Release|Any CPU
	EndGlobalSection
	GlobalSection(ProjectConfigurationPlatforms) = postSolution
		{775575BF-33BD-4B4B-8BE9-FDC4807A4DFE}.Debug|Any CPU.ActiveCfg = Debug|Any CPU
		{775575BF-33BD-4B4B-8BE9-FDC4807A4DFE}.Debug|Any CPU.Build.0 = Debug|Any CPU
		{775575BF-33BD-4B4B-8BE9-FDC4807A4DFE}.Release|Any CPU.ActiveCfg = Release|Any CPU
		{775575BF-33BD-4B4B-8BE9-FDC4807A4DFE}.Release|Any CPU.Build.0 = Release|Any CPU
	EndGlobalSection
	GlobalSection(SolutionProperties) = preSolution
		HideSolutionNode = FALSE
	EndGlobalSection
	GlobalSection(ExtensibilityGlobals) = postSolution
		SolutionGuid = {CDFDB927-2E2F-4349-AD65-5EB19625B1FA}
	EndGlobalSection
EndGlobal
